// !$*UTF8*$!
{
	archiveVersion = 1;
	classes = {
	};
	objectVersion = 46;
	objects = {

/* Begin PBXBuildFile section */
		60D0727C1EFB915C00A2C628 /* main.m in Sources */ = {isa = PBXBuildFile; fileRef = 60D0727B1EFB915C00A2C628 /* main.m */; };
		60D0727F1EFB915C00A2C628 /* AppDelegate.m in Sources */ = {isa = PBXBuildFile; fileRef = 60D0727E1EFB915C00A2C628 /* AppDelegate.m */; };
		60D072821EFB915C00A2C628 /* ViewController.m in Sources */ = {isa = PBXBuildFile; fileRef = 60D072811EFB915C00A2C628 /* ViewController.m */; };
		60D072851EFB915C00A2C628 /* Main.storyboard in Resources */ = {isa = PBXBuildFile; fileRef = 60D072831EFB915C00A2C628 /* Main.storyboard */; };
		60D072871EFB915C00A2C628 /* Assets.xcassets in Resources */ = {isa = PBXBuildFile; fileRef = 60D072861EFB915C00A2C628 /* Assets.xcassets */; };
		60D0728A1EFB915C00A2C628 /* LaunchScreen.storyboard in Resources */ = {isa = PBXBuildFile; fileRef = 60D072881EFB915C00A2C628 /* LaunchScreen.storyboard */; };
		60D072951EFB915C00A2C628 /* WSScrollableHeaderTests.m in Sources */ = {isa = PBXBuildFile; fileRef = 60D072941EFB915C00A2C628 /* WSScrollableHeaderTests.m */; };
		60D072A01EFB915C00A2C628 /* WSScrollableHeaderUITests.m in Sources */ = {isa = PBXBuildFile; fileRef = 60D0729F1EFB915C00A2C628 /* WSScrollableHeaderUITests.m */; };
		60D072AE1EFB954B00A2C628 /* image.jpg in Resources */ = {isa = PBXBuildFile; fileRef = 60D072AD1EFB954B00A2C628 /* image.jpg */; };
		60D072B11EFB96E300A2C628 /* WSScrollHeaderView.m in Sources */ = {isa = PBXBuildFile; fileRef = 60D072B01EFB96E300A2C628 /* WSScrollHeaderView.m */; };
/* End PBXBuildFile section */

/* Begin PBXContainerItemProxy section */
		60D072911EFB915C00A2C628 /* PBXContainerItemProxy */ = {
			isa = PBXContainerItemProxy;
			containerPortal = 60D0726F1EFB915C00A2C628 /* Project object */;
			proxyType = 1;
			remoteGlobalIDString = 60D072761EFB915C00A2C628;
			remoteInfo = WSScrollableHeader;
		};
		60D0729C1EFB915C00A2C628 /* PBXContainerItemProxy */ = {
			isa = PBXContainerItemProxy;
			containerPortal = 60D0726F1EFB915C00A2C628 /* Project object */;
			proxyType = 1;
			remoteGlobalIDString = 60D072761EFB915C00A2C628;
			remoteInfo = WSScrollableHeader;
		};
/* End PBXContainerItemProxy section */

/* Begin PBXFileReference section */
		60D072771EFB915C00A2C628 /* WSScrollableHeader.app */ = {isa = PBXFileReference; explicitFileType = wrapper.application; includeInIndex = 0; path = WSScrollableHeader.app; sourceTree = BUILT_PRODUCTS_DIR; };
		60D0727B1EFB915C00A2C628 /* main.m */ = {isa = PBXFileReference; lastKnownFileType = sourcecode.c.objc; path = main.m; sourceTree = "<group>"; };
		60D0727D1EFB915C00A2C628 /* AppDelegate.h */ = {isa = PBXFileReference; lastKnownFileType = sourcecode.c.h; path = AppDelegate.h; sourceTree = "<group>"; };
		60D0727E1EFB915C00A2C628 /* AppDelegate.m */ = {isa = PBXFileReference; lastKnownFileType = sourcecode.c.objc; path = AppDelegate.m; sourceTree = "<group>"; };
		60D072801EFB915C00A2C628 /* ViewController.h */ = {isa = PBXFileReference; lastKnownFileType = sourcecode.c.h; path = ViewController.h; sourceTree = "<group>"; };
		60D072811EFB915C00A2C628 /* ViewController.m */ = {isa = PBXFileReference; lastKnownFileType = sourcecode.c.objc; path = ViewController.m; sourceTree = "<group>"; };
		60D072841EFB915C00A2C628 /* Base */ = {isa = PBXFileReference; lastKnownFileType = file.storyboard; name = Base; path = Base.lproj/Main.storyboard; sourceTree = "<group>"; };
		60D072861EFB915C00A2C628 /* Assets.xcassets */ = {isa = PBXFileReference; lastKnownFileType = folder.assetcatalog; path = Assets.xcassets; sourceTree = "<group>"; };
		60D072891EFB915C00A2C628 /* Base */ = {isa = PBXFileReference; lastKnownFileType = file.storyboard; name = Base; path = Base.lproj/LaunchScreen.storyboard; sourceTree = "<group>"; };
		60D0728B1EFB915C00A2C628 /* Info.plist */ = {isa = PBXFileReference; lastKnownFileType = text.plist.xml; path = Info.plist; sourceTree = "<group>"; };
		60D072901EFB915C00A2C628 /* WSScrollableHeaderTests.xctest */ = {isa = PBXFileReference; explicitFileType = wrapper.cfbundle; includeInIndex = 0; path = WSScrollableHeaderTests.xctest; sourceTree = BUILT_PRODUCTS_DIR; };
		60D072941EFB915C00A2C628 /* WSScrollableHeaderTests.m */ = {isa = PBXFileReference; lastKnownFileType = sourcecode.c.objc; path = WSScrollableHeaderTests.m; sourceTree = "<group>"; };
		60D072961EFB915C00A2C628 /* Info.plist */ = {isa = PBXFileReference; lastKnownFileType = text.plist.xml; path = Info.plist; sourceTree = "<group>"; };
		60D0729B1EFB915C00A2C628 /* WSScrollableHeaderUITests.xctest */ = {isa = PBXFileReference; explicitFileType = wrapper.cfbundle; includeInIndex = 0; path = WSScrollableHeaderUITests.xctest; sourceTree = BUILT_PRODUCTS_DIR; };
		60D0729F1EFB915C00A2C628 /* WSScrollableHeaderUITests.m */ = {isa = PBXFileReference; lastKnownFileType = sourcecode.c.objc; path = WSScrollableHeaderUITests.m; sourceTree = "<group>"; };
		60D072A11EFB915C00A2C628 /* Info.plist */ = {isa = PBXFileReference; lastKnownFileType = text.plist.xml; path = Info.plist; sourceTree = "<group>"; };
		60D072AD1EFB954B00A2C628 /* image.jpg */ = {isa = PBXFileReference; lastKnownFileType = image.jpeg; path = image.jpg; sourceTree = "<group>"; };
		60D072AF1EFB96E300A2C628 /* WSScrollHeaderView.h */ = {isa = PBXFileReference; fileEncoding = 4; lastKnownFileType = sourcecode.c.h; path = WSScrollHeaderView.h; sourceTree = "<group>"; };
		60D072B01EFB96E300A2C628 /* WSScrollHeaderView.m */ = {isa = PBXFileReference; fileEncoding = 4; lastKnownFileType = sourcecode.c.objc; path = WSScrollHeaderView.m; sourceTree = "<group>"; };
/* End PBXFileReference section */

/* Begin PBXFrameworksBuildPhase section */
		60D072741EFB915C00A2C628 /* Frameworks */ = {
			isa = PBXFrameworksBuildPhase;
			buildActionMask = 2147483647;
			files = (
			);
			runOnlyForDeploymentPostprocessing = 0;
		};
		60D0728D1EFB915C00A2C628 /* Frameworks */ = {
			isa = PBXFrameworksBuildPhase;
			buildActionMask = 2147483647;
			files = (
			);
			runOnlyForDeploymentPostprocessing = 0;
		};
		60D072981EFB915C00A2C628 /* Frameworks */ = {
			isa = PBXFrameworksBuildPhase;
			buildActionMask = 2147483647;
			files = (
			);
			runOnlyForDeploymentPostprocessing = 0;
		};
/* End PBXFrameworksBuildPhase section */

/* Begin PBXGroup section */
		60D0726E1EFB915C00A2C628 = {
			isa = PBXGroup;
			children = (
				60D072791EFB915C00A2C628 /* WSScrollableHeader */,
				60D072931EFB915C00A2C628 /* WSScrollableHeaderTests */,
				60D0729E1EFB915C00A2C628 /* WSScrollableHeaderUITests */,
				60D072781EFB915C00A2C628 /* Products */,
			);
			sourceTree = "<group>";
		};
		60D072781EFB915C00A2C628 /* Products */ = {
			isa = PBXGroup;
			children = (
				60D072771EFB915C00A2C628 /* WSScrollableHeader.app */,
				60D072901EFB915C00A2C628 /* WSScrollableHeaderTests.xctest */,
				60D0729B1EFB915C00A2C628 /* WSScrollableHeaderUITests.xctest */,
			);
			name = Products;
			sourceTree = "<group>";
		};
		60D072791EFB915C00A2C628 /* WSScrollableHeader */ = {
			isa = PBXGroup;
			children = (
				60D072B21EFB96E900A2C628 /* WSScrollHeaderClass */,
				60D072AD1EFB954B00A2C628 /* image.jpg */,
				60D0727D1EFB915C00A2C628 /* AppDelegate.h */,
				60D0727E1EFB915C00A2C628 /* AppDelegate.m */,
				60D072801EFB915C00A2C628 /* ViewController.h */,
				60D072811EFB915C00A2C628 /* ViewController.m */,
				60D072831EFB915C00A2C628 /* Main.storyboard */,
				60D072861EFB915C00A2C628 /* Assets.xcassets */,
				60D072881EFB915C00A2C628 /* LaunchScreen.storyboard */,
				60D0728B1EFB915C00A2C628 /* Info.plist */,
				60D0727A1EFB915C00A2C628 /* Supporting Files */,
			);
			path = WSScrollableHeader;
			sourceTree = "<group>";
		};
		60D0727A1EFB915C00A2C628 /* Supporting Files */ = {
			isa = PBXGroup;
			children = (
				60D0727B1EFB915C00A2C628 /* main.m */,
			);
			name = "Supporting Files";
			sourceTree = "<group>";
		};
		60D072931EFB915C00A2C628 /* WSScrollableHeaderTests */ = {
			isa = PBXGroup;
			children = (
				60D072941EFB915C00A2C628 /* WSScrollableHeaderTests.m */,
				60D072961EFB915C00A2C628 /* Info.plist */,
			);
			path = WSScrollableHeaderTests;
			sourceTree = "<group>";
		};
		60D0729E1EFB915C00A2C628 /* WSScrollableHeaderUITests */ = {
			isa = PBXGroup;
			children = (
				60D0729F1EFB915C00A2C628 /* WSScrollableHeaderUITests.m */,
				60D072A11EFB915C00A2C628 /* Info.plist */,
			);
			path = WSScrollableHeaderUITests;
			sourceTree = "<group>";
		};
		60D072B21EFB96E900A2C628 /* WSScrollHeaderClass */ = {
			isa = PBXGroup;
			children = (
				60D072AF1EFB96E300A2C628 /* WSScrollHeaderView.h */,
				60D072B01EFB96E300A2C628 /* WSScrollHeaderView.m */,
			);
			name = WSScrollHeaderClass;
			sourceTree = "<group>";
		};
/* End PBXGroup section */

/* Begin PBXNativeTarget section */
		60D072761EFB915C00A2C628 /* WSScrollableHeader */ = {
			isa = PBXNativeTarget;
			buildConfigurationList = 60D072A41EFB915C00A2C628 /* Build configuration list for PBXNativeTarget "WSScrollableHeader" */;
			buildPhases = (
				60D072731EFB915C00A2C628 /* Sources */,
				60D072741EFB915C00A2C628 /* Frameworks */,
				60D072751EFB915C00A2C628 /* Resources */,
			);
			buildRules = (
			);
			dependencies = (
			);
			name = WSScrollableHeader;
			productName = WSScrollableHeader;
			productReference = 60D072771EFB915C00A2C628 /* WSScrollableHeader.app */;
			productType = "com.apple.product-type.application";
		};
		60D0728F1EFB915C00A2C628 /* WSScrollableHeaderTests */ = {
			isa = PBXNativeTarget;
			buildConfigurationList = 60D072A71EFB915C00A2C628 /* Build configuration list for PBXNativeTarget "WSScrollableHeaderTests" */;
			buildPhases = (
				60D0728C1EFB915C00A2C628 /* Sources */,
				60D0728D1EFB915C00A2C628 /* Frameworks */,
				60D0728E1EFB915C00A2C628 /* Resources */,
			);
			buildRules = (
			);
			dependencies = (
				60D072921EFB915C00A2C628 /* PBXTargetDependency */,
			);
			name = WSScrollableHeaderTests;
			productName = WSScrollableHeaderTests;
			productReference = 60D072901EFB915C00A2C628 /* WSScrollableHeaderTests.xctest */;
			productType = "com.apple.product-type.bundle.unit-test";
		};
		60D0729A1EFB915C00A2C628 /* WSScrollableHeaderUITests */ = {
			isa = PBXNativeTarget;
			buildConfigurationList = 60D072AA1EFB915C00A2C628 /* Build configuration list for PBXNativeTarget "WSScrollableHeaderUITests" */;
			buildPhases = (
				60D072971EFB915C00A2C628 /* Sources */,
				60D072981EFB915C00A2C628 /* Frameworks */,
				60D072991EFB915C00A2C628 /* Resources */,
			);
			buildRules = (
			);
			dependencies = (
				60D0729D1EFB915C00A2C628 /* PBXTargetDependency */,
			);
			name = WSScrollableHeaderUITests;
			productName = WSScrollableHeaderUITests;
			productReference = 60D0729B1EFB915C00A2C628 /* WSScrollableHeaderUITests.xctest */;
			productType = "com.apple.product-type.bundle.ui-testing";
		};
/* End PBXNativeTarget section */

/* Begin PBXProject section */
		60D0726F1EFB915C00A2C628 /* Project object */ = {
			isa = PBXProject;
			attributes = {
				LastUpgradeCheck = 0830;
				ORGANIZATIONNAME = WebsoftProfession;
				TargetAttributes = {
					60D072761EFB915C00A2C628 = {
						CreatedOnToolsVersion = 8.3.2;
						ProvisioningStyle = Manual;
					};
					60D0728F1EFB915C00A2C628 = {
						CreatedOnToolsVersion = 8.3.2;
						ProvisioningStyle = Automatic;
						TestTargetID = 60D072761EFB915C00A2C628;
					};
					60D0729A1EFB915C00A2C628 = {
						CreatedOnToolsVersion = 8.3.2;
						ProvisioningStyle = Automatic;
						TestTargetID = 60D072761EFB915C00A2C628;
					};
				};
			};
			buildConfigurationList = 60D072721EFB915C00A2C628 /* Build configuration list for PBXProject "WSScrollableHeader" */;
			compatibilityVersion = "Xcode 3.2";
			developmentRegion = English;
			hasScannedForEncodings = 0;
			knownRegions = (
				en,
				Base,
			);
			mainGroup = 60D0726E1EFB915C00A2C628;
			productRefGroup = 60D072781EFB915C00A2C628 /* Products */;
			projectDirPath = "";
			projectRoot = "";
			targets = (
				60D072761EFB915C00A2C628 /* WSScrollableHeader */,
				60D0728F1EFB915C00A2C628 /* WSScrollableHeaderTests */,
				60D0729A1EFB915C00A2C628 /* WSScrollableHeaderUITests */,
			);
		};
/* End PBXProject section */

/* Begin PBXResourcesBuildPhase section */
		60D072751EFB915C00A2C628 /* Resources */ = {
			isa = PBXResourcesBuildPhase;
			buildActionMask = 2147483647;
			files = (
				60D0728A1EFB915C00A2C628 /* LaunchScreen.storyboard in Resources */,
				60D072871EFB915C00A2C628 /* Assets.xcassets in Resources */,
				60D072851EFB915C00A2C628 /* Main.storyboard in Resources */,
				60D072AE1EFB954B00A2C628 /* image.jpg in Resources */,
			);
			runOnlyForDeploymentPostprocessing = 0;
		};
		60D0728E1EFB915C00A2C628 /* Resources */ = {
			isa = PBXResourcesBuildPhase;
			buildActionMask = 2147483647;
			files = (
			);
			runOnlyForDeploymentPostprocessing = 0;
		};
		60D072991EFB915C00A2C628 /* Resources */ = {
			isa = PBXResourcesBuildPhase;
			buildActionMask = 2147483647;
			files = (
			);
			runOnlyForDeploymentPostprocessing = 0;
		};
/* End PBXResourcesBuildPhase section */

/* Begin PBXSourcesBuildPhase section */
		60D072731EFB915C00A2C628 /* Sources */ = {
			isa = PBXSourcesBuildPhase;
			buildActionMask = 2147483647;
			files = (
				60D072821EFB915C00A2C628 /* ViewController.m in Sources */,
				60D072B11EFB96E300A2C628 /* WSScrollHeaderView.m in Sources */,
				60D0727F1EFB915C00A2C628 /* AppDelegate.m in Sources */,
				60D0727C1EFB915C00A2C628 /* main.m in Sources */,
			);
			runOnlyForDeploymentPostprocessing = 0;
		};
		60D0728C1EFB915C00A2C628 /* Sources */ = {
			isa = PBXSourcesBuildPhase;
			buildActionMask = 2147483647;
			files = (
				60D072951EFB915C00A2C628 /* WSScrollableHeaderTests.m in Sources */,
			);
			runOnlyForDeploymentPostprocessing = 0;
		};
		60D072971EFB915C00A2C628 /* Sources */ = {
			isa = PBXSourcesBuildPhase;
			buildActionMask = 2147483647;
			files = (
				60D072A01EFB915C00A2C628 /* WSScrollableHeaderUITests.m in Sources */,
			);
			runOnlyForDeploymentPostprocessing = 0;
		};
/* End PBXSourcesBuildPhase section */

/* Begin PBXTargetDependency section */
		60D072921EFB915C00A2C628 /* PBXTargetDependency */ = {
			isa = PBXTargetDependency;
			target = 60D072761EFB915C00A2C628 /* WSScrollableHeader */;
			targetProxy = 60D072911EFB915C00A2C628 /* PBXContainerItemProxy */;
		};
		60D0729D1EFB915C00A2C628 /* PBXTargetDependency */ = {
			isa = PBXTargetDependency;
			target = 60D072761EFB915C00A2C628 /* WSScrollableHeader */;
			targetProxy = 60D0729C1EFB915C00A2C628 /* PBXContainerItemProxy */;
		};
/* End PBXTargetDependency section */

/* Begin PBXVariantGroup section */
		60D072831EFB915C00A2C628 /* Main.storyboard */ = {
			isa = PBXVariantGroup;
			children = (
				60D072841EFB915C00A2C628 /* Base */,
			);
			name = Main.storyboard;
			sourceTree = "<group>";
		};
		60D072881EFB915C00A2C628 /* LaunchScreen.storyboard */ = {
			isa = PBXVariantGroup;
			children = (
				60D072891EFB915C00A2C628 /* Base */,
			);
			name = LaunchScreen.storyboard;
			sourceTree = "<group>";
		};
/* End PBXVariantGroup section */

/* Begin XCBuildConfiguration section */
		60D072A21EFB915C00A2C628 /* Debug */ = {
			isa = XCBuildConfiguration;
			buildSettings = {
				ALWAYS_SEARCH_USER_PATHS = NO;
				CLANG_ANALYZER_NONNULL = YES;
				CLANG_ANALYZER_NUMBER_OBJECT_CONVERSION = YES_AGGRESSIVE;
				CLANG_CXX_LANGUAGE_STANDARD = "gnu++0x";
				CLANG_CXX_LIBRARY = "libc++";
				CLANG_ENABLE_MODULES = YES;
				CLANG_ENABLE_OBJC_ARC = YES;
				CLANG_WARN_BOOL_CONVERSION = YES;
				CLANG_WARN_CONSTANT_CONVERSION = YES;
				CLANG_WARN_DIRECT_OBJC_ISA_USAGE = YES_ERROR;
				CLANG_WARN_DOCUMENTATION_COMMENTS = YES;
				CLANG_WARN_EMPTY_BODY = YES;
				CLANG_WARN_ENUM_CONVERSION = YES;
				CLANG_WARN_INFINITE_RECURSION = YES;
				CLANG_WARN_INT_CONVERSION = YES;
				CLANG_WARN_OBJC_ROOT_CLASS = YES_ERROR;
				CLANG_WARN_SUSPICIOUS_MOVE = YES;
				CLANG_WARN_UNREACHABLE_CODE = YES;
				CLANG_WARN__DUPLICATE_METHOD_MATCH = YES;
				"CODE_SIGN_IDENTITY[sdk=iphoneos*]" = "iPhone Developer";
				COPY_PHASE_STRIP = NO;
				DEBUG_INFORMATION_FORMAT = dwarf;
				ENABLE_STRICT_OBJC_MSGSEND = YES;
				ENABLE_TESTABILITY = YES;
				GCC_C_LANGUAGE_STANDARD = gnu99;
				GCC_DYNAMIC_NO_PIC = NO;
				GCC_NO_COMMON_BLOCKS = YES;
				GCC_OPTIMIZATION_LEVEL = 0;
				GCC_PREPROCESSOR_DEFINITIONS = (
					"DEBUG=1",
					"$(inherited)",
				);
				GCC_WARN_64_TO_32_BIT_CONVERSION = YES;
				GCC_WARN_ABOUT_RETURN_TYPE = YES_ERROR;
				GCC_WARN_UNDECLARED_SELECTOR = YES;
				GCC_WARN_UNINITIALIZED_AUTOS = YES_AGGRESSIVE;
				GCC_WARN_UNUSED_FUNCTION = YES;
				GCC_WARN_UNUSED_VARIABLE = YES;
				IPHONEOS_DEPLOYMENT_TARGET = 10.3;
				MTL_ENABLE_DEBUG_INFO = YES;
				ONLY_ACTIVE_ARCH = YES;
				SDKROOT = iphoneos;
				TARGETED_DEVICE_FAMILY = "1,2";
			};
			name = Debug;
		};
		60D072A31EFB915C00A2C628 /* Release */ = {
			isa = XCBuildConfiguration;
			buildSettings = {
				ALWAYS_SEARCH_USER_PATHS = NO;
				CLANG_ANALYZER_NONNULL = YES;
				CLANG_ANALYZER_NUMBER_OBJECT_CONVERSION = YES_AGGRESSIVE;
				CLANG_CXX_LANGUAGE_STANDARD = "gnu++0x";
				CLANG_CXX_LIBRARY = "libc++";
				CLANG_ENABLE_MODULES = YES;
				CLANG_ENABLE_OBJC_ARC = YES;
				CLANG_WARN_BOOL_CONVERSION = YES;
				CLANG_WARN_CONSTANT_CONVERSION = YES;
				CLANG_WARN_DIRECT_OBJC_ISA_USAGE = YES_ERROR;
				CLANG_WARN_DOCUMENTATION_COMMENTS = YES;
				CLANG_WARN_EMPTY_BODY = YES;
				CLANG_WARN_ENUM_CONVERSION = YES;
				CLANG_WARN_INFINITE_RECURSION = YES;
				CLANG_WARN_INT_CONVERSION = YES;
				CLANG_WARN_OBJC_ROOT_CLASS = YES_ERROR;
				CLANG_WARN_SUSPICIOUS_MOVE = YES;
				CLANG_WARN_UNREACHABLE_CODE = YES;
				CLANG_WARN__DUPLICATE_METHOD_MATCH = YES;
				"CODE_SIGN_IDENTITY[sdk=iphoneos*]" = "iPhone Developer";
				COPY_PHASE_STRIP = NO;
				DEBUG_INFORMATION_FORMAT = "dwarf-with-dsym";
				ENABLE_NS_ASSERTIONS = NO;
				ENABLE_STRICT_OBJC_MSGSEND = YES;
				GCC_C_LANGUAGE_STANDARD = gnu99;
				GCC_NO_COMMON_BLOCKS = YES;
				GCC_WARN_64_TO_32_BIT_CONVERSION = YES;
				GCC_WARN_ABOUT_RETURN_TYPE = YES_ERROR;
				GCC_WARN_UNDECLARED_SELECTOR = YES;
				GCC_WARN_UNINITIALIZED_AUTOS = YES_AGGRESSIVE;
				GCC_WARN_UNUSED_FUNCTION = YES;
				GCC_WARN_UNUSED_VARIABLE = YES;
				IPHONEOS_DEPLOYMENT_TARGET = 10.3;
				MTL_ENABLE_DEBUG_INFO = NO;
				SDKROOT = iphoneos;
				TARGETED_DEVICE_FAMILY = "1,2";
				VALIDATE_PRODUCT = YES;
			};
			name = Release;
		};
		60D072A51EFB915C00A2C628 /* Debug */ = {
			isa = XCBuildConfiguration;
			buildSettings = {
				ASSETCATALOG_COMPILER_APPICON_NAME = AppIcon;
				DEVELOPMENT_TEAM = "";
				INFOPLIST_FILE = WSScrollableHeader/Info.plist;
				LD_RUNPATH_SEARCH_PATHS = "$(inherited) @executable_path/Frameworks";
				PRODUCT_BUNDLE_IDENTIFIER = com.ws.WSScrollableHeader;
				PRODUCT_NAME = "$(TARGET_NAME)";
				PROVISIONING_PROFILE_SPECIFIER = "";
			};
			name = Debug;
		};
		60D072A61EFB915C00A2C628 /* Release */ = {
			isa = XCBuildConfiguration;
			buildSettings = {
				ASSETCATALOG_COMPILER_APPICON_NAME = AppIcon;
				DEVELOPMENT_TEAM = "";
				INFOPLIST_FILE = WSScrollableHeader/Info.plist;
				LD_RUNPATH_SEARCH_PATHS = "$(inherited) @executable_path/Frameworks";
				PRODUCT_BUNDLE_IDENTIFIER = com.ws.WSScrollableHeader;
				PRODUCT_NAME = "$(TARGET_NAME)";
				PROVISIONING_PROFILE_SPECIFIER = "";
			};
			name = Release;
		};
		60D072A81EFB915C00A2C628 /* Debug */ = {
			isa = XCBuildConfiguration;
			buildSettings = {
				BUNDLE_LOADER = "$(TEST_HOST)";
				INFOPLIST_FILE = WSScrollableHeaderTests/Info.plist;
				LD_RUNPATH_SEARCH_PATHS = "$(inherited) @executable_path/Frameworks @loader_path/Frameworks";
				PRODUCT_BUNDLE_IDENTIFIER = com.ws.WSScrollableHeaderTests;
				PRODUCT_NAME = "$(TARGET_NAME)";
				TEST_HOST = "$(BUILT_PRODUCTS_DIR)/WSScrollableHeader.app/WSScrollableHeader";
			};
			name = Debug;
		};
		60D072A91EFB915C00A2C628 /* Release */ = {
			isa = XCBuildConfiguration;
			buildSettings = {
				BUNDLE_LOADER = "$(TEST_HOST)";
				INFOPLIST_FILE = WSScrollableHeaderTests/Info.plist;
				LD_RUNPATH_SEARCH_PATHS = "$(inherited) @executable_path/Frameworks @loader_path/Frameworks";
				PRODUCT_BUNDLE_IDENTIFIER = com.ws.WSScrollableHeaderTests;
				PRODUCT_NAME = "$(TARGET_NAME)";
				TEST_HOST = "$(BUILT_PRODUCTS_DIR)/WSScrollableHeader.app/WSScrollableHeader";
			};
			name = Release;
		};
		60D072AB1EFB915C00A2C628 /* Debug */ = {
			isa = XCBuildConfiguration;
			buildSettings = {
				INFOPLIST_FILE = WSScrollableHeaderUITests/Info.plist;
				LD_RUNPATH_SEARCH_PATHS = "$(inherited) @executable_path/Frameworks @loader_path/Frameworks";
				PRODUCT_BUNDLE_IDENTIFIER = com.ws.WSScrollableHeaderUITests;
				PRODUCT_NAME = "$(TARGET_NAME)";
				TEST_TARGET_NAME = WSScrollableHeader;
			};
			name = Debug;
		};
		60D072AC1EFB915C00A2C628 /* Release */ = {
			isa = XCBuildConfiguration;
			buildSettings = {
				INFOPLIST_FILE = WSScrollableHeaderUITests/Info.plist;
				LD_RUNPATH_SEARCH_PATHS = "$(inherited) @executable_path/Frameworks @loader_path/Frameworks";
				PRODUCT_BUNDLE_IDENTIFIER = com.ws.WSScrollableHeaderUITests;
				PRODUCT_NAME = "$(TARGET_NAME)";
				TEST_TARGET_NAME = WSScrollableHeader;
			};
			name = Release;
		};
/* End XCBuildConfiguration section */

/* Begin XCConfigurationList section */
		60D072721EFB915C00A2C628 /* Build configuration list for PBXProject "WSScrollableHeader" */ = {
			isa = XCConfigurationList;
			buildConfigurations = (
				60D072A21EFB915C00A2C628 /* Debug */,
				60D072A31EFB915C00A2C628 /* Release */,
			);
			defaultConfigurationIsVisible = 0;
			defaultConfigurationName = Release;
		};
		60D072A41EFB915C00A2C628 /* Build configuration list for PBXNativeTarget "WSScrollableHeader" */ = {
			isa = XCConfigurationList;
			buildConfigurations = (
				60D072A51EFB915C00A2C628 /* Debug */,
				60D072A61EFB915C00A2C628 /* Release */,
			);
			defaultConfigurationIsVisible = 0;
			defaultConfigurationName = Release;
		};
		60D072A71EFB915C00A2C628 /* Build configuration list for PBXNativeTarget "WSScrollableHeaderTests" */ = {
			isa = XCConfigurationList;
			buildConfigurations = (
				60D072A81EFB915C00A2C628 /* Debug */,
				60D072A91EFB915C00A2C628 /* Release */,
			);
			defaultConfigurationIsVisible = 0;
			defaultConfigurationName = Release;
		};
		60D072AA1EFB915C00A2C628 /* Build configuration list for PBXNativeTarget "WSScrollableHeaderUITests" */ = {
			isa = XCConfigurationList;
			buildConfigurations = (
				60D072AB1EFB915C00A2C628 /* Debug */,
				60D072AC1EFB915C00A2C628 /* Release */,
			);
			defaultConfigurationIsVisible = 0;
			defaultConfigurationName = Release;
		};
/* End XCConfigurationList section */
	};
	rootObject = 60D0726F1EFB915C00A2C628 /* Project object */;
}
